{
  "lockfile_version": "1",
  "packages": {
    "github:NixOS/nixpkgs/nixpkgs-unstable": {
      "last_modified": "2026-05-22T18:39:28Z",
      "resolved": "github:NixOS/nixpkgs/a0991c886dc83e6e9de01d5266e4842985b1850e?lastModified=1779475168"
    },
    "go@latest": {
      "last_modified": "2026-04-23T13:07:47Z",
      "resolved": "github:NixOS/nixpkgs/01fbdeef22b76df85ea168fbfe1bfd9e63681b30#go",
      "source": "devbox-search",
      "version": "1.26.2",
      "systems": {
        "aarch64-darwin": {
          "outputs": [
            {
              "name": "out",
              "path": "/nix/store/fkzywh7rg8lg1n2p0r161iqjwhz540wx-go-1.26.2",
              "default": true
            }
          ],
          "store_path": "/nix/store/fkzywh7rg8lg1n2p0r161iqjwhz540wx-go-1.26.2"
        },
        "aarch64-linux": {
          "outputs": [
            {
              "name": "out",
              "path": "/nix/store/w4i7p78y3735jcy69sk4lcy9zyxr0cav-go-1.26.2",
              "default": true
            }
          ],
          "store_path": "/nix/store/w4i7p78y3735jcy69sk4lcy9zyxr0cav-go-1.26.2"
        },
        "x86_64-darwin": {
          "outputs": [
            {
              "name": "out",
              "path": "/nix/store/g0b45l45nlb1kqiywzja7fh49yn7lla5-go-1.26.2",
              "default": true
            }
          ],
          "store_path": "/nix/store/g0b45l45nlb1kqiywzja7fh49yn7lla5-go-1.26.2"
        },
        "x86_64-linux": {
          "outputs": [
            {
              "name": "out",
              "path": "/nix/store/dimnagks1qsp7180yw74z0npp7z2ihs3-go-1.26.2",
              "default": true
            }
          ],
          "store_path": "/nix/store/dimnagks1qsp7180yw74z0npp7z2ihs3-go-1.26.2"
        }
      }
    },
    "kdePackages.breeze-icons@6.18.0": {
      "last_modified": "2025-10-12T08:13:11Z",
      "resolved": "github:NixOS/nixpkgs/832e3b6db48508ae436c2c7bfc0cf914eac6938e#kdePackages.breeze-icons",
      "source": "devbox-search",
      "version": "6.18.0",
      "systems": {
        "aarch64-linux": {
          "outputs": [
            {
              "name": "out",
              "path": "/nix/store/riady2n2k4jgw4ymy4jx2dzqwkzr8zq0-breeze-icons-6.18.0",
              "default": true
            },
            {
              "name": "debug",
              "path": "/nix/store/11fchvzibs3xv3hb6x20rf2w7whzwfza-breeze-icons-6.18.0-debug"
            },
            {
              "name": "dev",
              "path": "/nix/store/a2dzz9c1986xn1fx45cdhlhcxhbg8ibl-breeze-icons-6.18.0-dev"
            },
            {
              "name": "devtools",
              "path": "/nix/store/s5syngyycrawn1qjjj60yxzdmgrd7cma-breeze-icons-6.18.0-devtools"
            }
          ],
          "store_path": "/nix/store/riady2n2k4jgw4ymy4jx2dzqwkzr8zq0-breeze-icons-6.18.0"
        },
        "x86_64-linux": {
          "outputs": [
            {
              "name": "out",
              "path": "/nix/store/f30xha6iq54l3h3id179xhrvjr3znp5k-breeze-icons-6.18.0",
              "default": true
            },
            {
              "name": "devtools",
              "path": "/nix/store/383yaxm1z88bhvccw78h7prm1l2j8yzm-breeze-icons-6.18.0-devtools"
            },
            {
              "name": "debug",
              "path": "/nix/store/057ypa093iz3grkjiphq7i9lg5ddwfv1-breeze-icons-6.18.0-debug"
            },
            {
              "name": "dev",
              "path": "/nix/store/b06j20snxnjsdbs9vw6cqg4cahj20nf0-breeze-icons-6.18.0-dev"
            }
          ],
          "store_path": "/nix/store/f30xha6iq54l3h3id179xhrvjr3znp5k-breeze-icons-6.18.0"
        }
      }
    },
    "kdePackages.frameworkintegration@6.18.0": {
      "last_modified": "2025-10-07T08:41:47Z",
      "resolved": "github:NixOS/nixpkgs/bce5fe2bb998488d8e7e7856315f90496723793c#kdePackages.frameworkintegration",
      "source": "devbox-search",
      "version": "6.18.0",
      "systems": {
        "aarch64-linux": {
          "outputs": [
            {
              "name": "out",
              "path": "/nix/store/das1xqk03sjgghvq85qdbr7kp8jzsfip-frameworkintegration-6.18.0",
              "default": true
            },
            {
              "name": "devtools",
              "path": "/nix/store/2jnhyxs4fa8z8a78anbry9irww6maac5-frameworkintegration-6.18.0-devtools"
            },
            {
              "name": "debug",
              "path": "/nix/store/s2bxdv2v6r78876fakqsnqysi46qxzml-frameworkintegration-6.18.0-debug"
            },
            {
              "name": "dev",
              "path": "/nix/store/n9dg872cra2cq14agksg5k6wgj7b957r-frameworkintegration-6.18.0-dev"
            }
          ],
          "store_path": "/nix/store/das1xqk03sjgghvq85qdbr7kp8jzsfip-frameworkintegration-6.18.0"
        },
        "x86_64-linux": {
          "outputs": [
            {
              "name": "out",
              "path": "/nix/store/w3297ll7azbd3gji71brka0lq1nvnrh1-frameworkintegration-6.18.0",
              "default": true
            },
            {
              "name": "debug",
              "path": "/nix/store/b71xdr1296gjp6pbvmak0rr4hvf0a4z1-frameworkintegration-6.18.0-debug"
            },
            {
              "name": "dev",
              "path": "/nix/store/3fw514z2rrd02vgnjwkaw5hiq924inq3-frameworkintegration-6.18.0-dev"
            },
            {
              "name": "devtools",
              "path": "/nix/store/48n2xjnpv4ap0yrb2k29fnshp8hlcsh7-frameworkintegration-6.18.0-devtools"
            }
          ],
          "store_path": "/nix/store/w3297ll7azbd3gji71brka0lq1nvnrh1-frameworkintegration-6.18.0"
        }
      }
    },
    "kdePackages.kcolorscheme@6.18.0": {
      "last_modified": "2025-10-11T06:31:15Z",
      "resolved": "github:NixOS/nixpkgs/362791944032cb532aabbeed7887a441496d5e6e#kdePackages.kcolorscheme",
      "source": "devbox-search",
      "version": "6.18.0",
      "systems": {
        "aarch64-linux": {
          "outputs": [
            {
              "name": "out",
              "path": "/nix/store/c4rxpvhl19j0wkcz7i9zjnp4n4pcg9ks-kcolorscheme-6.18.0",
              "default": true
            },
            {
              "name": "dev",
              "path": "/nix/store/m4d4630gp7qicnmpcp5yk6gddby9j90p-kcolorscheme-6.18.0-dev"
            },
            {
              "name": "devtools",
              "path": "/nix/store/ls94rhvqw97pklqh36vwb6jz42qkkawc-kcolorscheme-6.18.0-devtools"
            },
            {
              "name": "debug",
              "path": "/nix/store/wsgbcsky96fvk99jlrjfbf87sd6p6b8k-kcolorscheme-6.18.0-debug"
            }
          ],
          "store_path": "/nix/store/c4rxpvhl19j0wkcz7i9zjnp4n4pcg9ks-kcolorscheme-6.18.0"
        },
        "x86_64-linux": {
          "outputs": [
            {
              "name": "out",
              "path": "/nix/store/nld542r559shgwg2dkwysyjq4zf9llwi-kcolorscheme-6.18.0",
              "default": true
            },
            {
              "name": "devtools",
              "path": "/nix/store/15vpgp76pch43czl7mcq8pympvk1fc5b-kcolorscheme-6.18.0-devtools"
            },
            {
              "name": "debug",
              "path": "/nix/store/hzjdxyb0dci7mamk3fyrssbmh8nkxngi-kcolorscheme-6.18.0-debug"
            },
            {
              "name": "dev",
              "path": "/nix/store/g5qsxw50gzphzm6543c5rd9j9hm9qsxj-kcolorscheme-6.18.0-dev"
            }
          ],
          "store_path": "/nix/store/nld542r559shgwg2dkwysyjq4zf9llwi-kcolorscheme-6.18.0"
        }
      }
    },
    "kdePackages.kiconthemes@6.18.0": {
      "last_modified": "2025-10-10T13:35:32Z",
      "resolved": "github:NixOS/nixpkgs/870493f9a8cb0b074ae5b411b2f232015db19a65#kdePackages.kiconthemes",
      "source": "devbox-search",
      "version": "6.18.0",
      "systems": {
        "aarch64-linux": {
          "outputs": [
            {
              "name": "out",
              "path": "/nix/store/xhgcjbgbc80xb8ixa8x4mhixfrpyry4m-kiconthemes-6.18.0",
              "default": true
            },
            {
              "name": "debug",
              "path": "/nix/store/q5j4jgw0hzlip2hpdvlwan5yn76y3vaj-kiconthemes-6.18.0-debug"
            },
            {
              "name": "dev",
              "path": "/nix/store/3mm30i84880zgwa768w8m0paysgs6gls-kiconthemes-6.18.0-dev"
            },
            {
              "name": "devtools",
              "path": "/nix/store/fmknidia7psa56lkm41fap7n1y0n1xkn-kiconthemes-6.18.0-devtools"
            }
          ],
          "store_path": "/nix/store/xhgcjbgbc80xb8ixa8x4mhixfrpyry4m-kiconthemes-6.18.0"
        },
        "x86_64-linux": {
          "outputs": [
            {
              "name": "out",
              "path": "/nix/store/rp0fpasln9kbl9s7abyr9v585pmaq58k-kiconthemes-6.18.0",
              "default": true
            },
            {
              "name": "debug",
              "path": "/nix/store/8ppfvqg9f4am0a8ap270543r067zrr17-kiconthemes-6.18.0-debug"
            },
            {
              "name": "dev",
              "path": "/nix/store/vi57x2wkg031qjzz97ip6yhpn5maa65y-kiconthemes-6.18.0-dev"
            },
            {
              "name": "devtools",
              "path": "/nix/store/vxzdlj9g4fm1hhylzi115lp62n0r3vsx-kiconthemes-6.18.0-devtools"
            }
          ],
          "store_path": "/nix/store/rp0fpasln9kbl9s7abyr9v585pmaq58k-kiconthemes-6.18.0"
        }
      }
    },
    "kdePackages.kirigami@6.18.0": {
      "last_modified": "2025-10-07T08:41:47Z",
      "resolved": "github:NixOS/nixpkgs/bce5fe2bb998488d8e7e7856315f90496723793c#kdePackages.kirigami",
      "source": "devbox-search",
      "version": "6.18.0",
      "systems": {
        "aarch64-linux": {
          "outputs": [
            {
              "name": "out",
              "path": "/nix/store/l4ibkm5307l9g9p10vmmp9a7pl1gxznv-kirigami-wrapped-6.18.0",
              "default": true
            }
          ],
          "store_path": "/nix/store/l4ibkm5307l9g9p10vmmp9a7pl1gxznv-kirigami-wrapped-6.18.0"
        },
        "x86_64-linux": {
          "outputs": [
            {
              "name": "out",
              "path": "/nix/store/qi2m9l2yaci5dqz0nsm3v7cn7fn51qnh-kirigami-wrapped-6.18.0",
              "default": true
            }
          ],
          "store_path": "/nix/store/qi2m9l2yaci5dqz0nsm3v7cn7fn51qnh-kirigami-wrapped-6.18.0"
        }
      }
    },
    "kdePackages.qqc2-desktop-style@6.18.0": {
      "last_modified": "2025-10-08T10:03:27Z",
      "resolved": "github:NixOS/nixpkgs/fb5cf53218b987f2703a5bbc292a030c0fe33443#kdePackages.qqc2-desktop-style",
      "source": "devbox-search",
      "version": "6.18.0",
      "systems": {
        "aarch64-linux": {
          "outputs": [
            {
              "name": "out",
              "path": "/nix/store/f32mg0b8vn49f78xhbnln3711ywqi12x-qqc2-desktop-style-6.18.0",
              "default": true
            },
            {
              "name": "debug",
              "path": "/nix/store/aj4fgm3vdb9k1k4rsylaiy166axwfb58-qqc2-desktop-style-6.18.0-debug"
            },
            {
              "name": "dev",
              "path": "/nix/store/kmik4yibk8ymxbxg8qgjvqgknkf3fx90-qqc2-desktop-style-6.18.0-dev"
            },
            {
              "name": "devtools",
              "path": "/nix/store/w2p0nbxxgdbxzd1vyfra76jwvhkym40j-qqc2-desktop-style-6.18.0-devtools"
            }
          ],
          "store_path": "/nix/store/f32mg0b8vn49f78xhbnln3711ywqi12x-qqc2-desktop-style-6.18.0"
        },
        "x86_64-linux": {
          "outputs": [
            {
              "name": "out",
              "path": "/nix/store/lbfqiwinwfb9ffcnxgphbmkbs2p8pnsh-qqc2-desktop-style-6.18.0",
              "default": true
            },
            {
              "name": "debug",
              "path": "/nix/store/5ymp0zbn4pgpazsqcz6vlsn10dq6lwaj-qqc2-desktop-style-6.18.0-debug"
            },
            {
              "name": "dev",
              "path": "/nix/store/97vqjnjylrfqijkziddrvcvkx9jhs0wj-qqc2-desktop-style-6.18.0-dev"
            },
            {
              "name": "devtools",
              "path": "/nix/store/zg7pdvq87sddph1isn86f7n32xlr4nwy-qqc2-desktop-style-6.18.0-devtools"
            }
          ],
          "store_path": "/nix/store/lbfqiwinwfb9ffcnxgphbmkbs2p8pnsh-qqc2-desktop-style-6.18.0"
        }
      }
    }
  }
}
